
Microsoft Visual Studio Solution File, Format Version 12.00
# Visual Studio Version 16
VisualStudioVersion = 16.0.30611.23
MinimumVisualStudioVersion = 10.0.40219.1
Project("{FAE04EC0-301F-11D3-BF4B-00C04F79EFBC}") = "medConvert", "medConvert.csproj", "{11517F52-5B62-44BD-9853-75B093A66FFE}"
EndProject
Global
	GlobalSection(SolutionConfigurationPlatforms) = preSolution
		Debug|Any CPU = Debug|Any CPU
		Release|Any CPU = Release|Any CPU
	EndGlobalSection
	GlobalSection(ProjectConfigurationPlatforms) = postSolution
		{11517F52-5B62-44BD-9853-75B093A66FFE}.Debug|Any CPU.ActiveCfg = Debug|Any CPU
		{11517F52-5B62-44BD-9853-75B093A66FFE}.Debug|Any CPU.Build.0 = Debug|Any CPU
		{11517F52-5B62-44BD-9853-75B093A66FFE}.Release|Any CPU.ActiveCfg = Release|Any CPU
		{11517F52-5B62-44BD-9853-75B093A66FFE}.Release|Any CPU.Build.0 = Release|Any CPU
	EndGlobalSection
	GlobalSection(SolutionProperties) = preSolution
		HideSolutionNode = FALSE
	EndGlobalSection
	GlobalSection(ExtensibilityGlobals) = postSolution
		SolutionGuid = {03AFB229-18EE-4D76-8B46-ABDEF0DD3CAF}
	EndGlobalSection
EndGlobal
